
Microsoft Visual Studio Solution File, Format Version 12.00
# Visual Studio Version 16
VisualStudioVersion = 16.0.29806.167
MinimumVisualStudioVersion = 10.0.40219.1
Project("{FAE04EC0-301F-11D3-BF4B-00C04F79EFBC}") = "u20489570_HW03", "u20489570_HW03.csproj", "{ED4A9C90-EB99-40CD-BBE0-BC90B369DD18}"
EndProject
Global
	GlobalSection(SolutionConfigurationPlatforms) = preSolution
		Debug|Any CPU = Debug|Any CPU
		Release|Any CPU = Release|Any CPU
	EndGlobalSection
	GlobalSection(ProjectConfigurationPlatforms) = postSolution
		{ED4A9C90-EB99-40CD-BBE0-BC90B369DD18}.Debug|Any CPU.ActiveCfg = Debug|Any CPU
		{ED4A9C90-EB99-40CD-BBE0-BC90B369DD18}.Debug|Any CPU.Build.0 = Debug|Any CPU
		{ED4A9C90-EB99-40CD-BBE0-BC90B369DD18}.Release|Any CPU.ActiveCfg = Release|Any CPU
		{ED4A9C90-EB99-40CD-BBE0-BC90B369DD18}.Release|Any CPU.Build.0 = Release|Any CPU
	EndGlobalSection
	GlobalSection(SolutionProperties) = preSolution
		HideSolutionNode = FALSE
	EndGlobalSection
	GlobalSection(ExtensibilityGlobals) = postSolution
		SolutionGuid = {6462F789-B07D-4627-96D9-7EA58848B550}
	EndGlobalSection
EndGlobal
